
Microsoft Visual Studio Solution File, Format Version 12.00
# Visual Studio Version 17
VisualStudioVersion = 17.2.32630.192
MinimumVisualStudioVersion = 10.0.40219.1
Project("{2150E333-8FDC-42A3-9474-1A3956D46DE8}") = "Services", "Services", "{EADA188F-FF30-4EEE-97C2-345403FC2042}"
EndProject
Project("{2150E333-8FDC-42A3-9474-1A3956D46DE8}") = "Catalog", "Catalog", "{D457A1C6-2DAF-4876-A24D-9B5965C5B87C}"
EndProject
Project("{9A19103F-16F7-4668-BE54-9A1E7A4F7556}") = "CatalogApi", "Services\Catalog\CatalogApi\CatalogApi.csproj", "{26D1994C-E452-4AD4-82B6-ED7B9C82904F}"
EndProject
Project("{2150E333-8FDC-42A3-9474-1A3956D46DE8}") = "Shared", "Shared", "{5D29A1E0-366D-42BC-B79F-BD44CE1057E4}"
EndProject
Project("{9A19103F-16F7-4668-BE54-9A1E7A4F7556}") = "Shared", "Shared\Shared\Shared.csproj", "{9C176D9B-28C6-4ABF-8C64-DECAF83FDE78}"
EndProject
Project("{2150E333-8FDC-42A3-9474-1A3956D46DE8}") = "IdentityServer", "IdentityServer", "{4AA3AB43-0CAB-4417-830E-8A92DD71CFE2}"
EndProject
Project("{9A19103F-16F7-4668-BE54-9A1E7A4F7556}") = "IdentityServer", "IdentityServer\IdentityServer\IdentityServer.csproj", "{39F2ED2C-96BD-44B9-BCC1-134C0ADDA1DF}"
EndProject
Project("{2150E333-8FDC-42A3-9474-1A3956D46DE8}") = "PhotoStock", "PhotoStock", "{5E9CA164-509E-42FD-B4C9-66F8DE4C56B9}"
EndProject
Project("{9A19103F-16F7-4668-BE54-9A1E7A4F7556}") = "PhotoStock", "Services\PhotoStock\PhotoStock\PhotoStock.csproj", "{FFC1318B-895F-4CA4-B84A-CF322DC93ABD}"
EndProject
Project("{2150E333-8FDC-42A3-9474-1A3956D46DE8}") = "Basket", "Basket", "{A10D59E5-E9D4-43AD-92A7-F0E9A2F2BCFE}"
EndProject
Project("{9A19103F-16F7-4668-BE54-9A1E7A4F7556}") = "Basket", "Services\Basket\Basket\Basket.csproj", "{05599709-C91F-4D3F-B6EA-CA70E5E75CAF}"
EndProject
Project("{2150E333-8FDC-42A3-9474-1A3956D46DE8}") = "Order", "Order", "{1D19ECE3-31E4-46A6-98CE-02D0F0686172}"
EndProject
Project("{9A19103F-16F7-4668-BE54-9A1E7A4F7556}") = "Order.Api", "Services\Order\Order.Api\Order.Api.csproj", "{DBCC844C-59D5-4D8D-A036-F09965B38BB4}"
EndProject
Project("{9A19103F-16F7-4668-BE54-9A1E7A4F7556}") = "Order.Application", "Services\Order\Order.Application\Order.Application.csproj", "{1C20CC1A-A15B-4C38-9135-68E3037EB6B0}"
EndProject
Project("{9A19103F-16F7-4668-BE54-9A1E7A4F7556}") = "Order.Domain", "Services\Order\Order.Domain\Order.Domain.csproj", "{B1F9F28B-B054-46E2-BF2A-97F92BA04FC6}"
EndProject
Project("{9A19103F-16F7-4668-BE54-9A1E7A4F7556}") = "Order.Domain.Core", "Services\Order\Order.Domain.Core\Order.Domain.Core.csproj", "{16B410D5-9690-46C6-B8F8-8C77935ED85B}"
EndProject
Project("{9A19103F-16F7-4668-BE54-9A1E7A4F7556}") = "Order.Infrastructure", "Services\Order\Order.Infrastructure\Order.Infrastructure.csproj", "{0436D822-24C6-4CAB-8530-2D494F7C425C}"
EndProject
Project("{2150E333-8FDC-42A3-9474-1A3956D46DE8}") = "FakePayment", "FakePayment", "{EB2E688A-B5B9-4682-8FF0-1B532BD818E0}"
EndProject
Project("{9A19103F-16F7-4668-BE54-9A1E7A4F7556}") = "FakePayment", "Services\FakePayment\FakePayment\FakePayment.csproj", "{7E62DB96-A789-4309-8162-C6B8F31E6171}"
EndProject
Project("{2150E333-8FDC-42A3-9474-1A3956D46DE8}") = "Gateways", "Gateways", "{E58210B6-28B0-4275-86B7-24AE8731A4C1}"
EndProject
Project("{9A19103F-16F7-4668-BE54-9A1E7A4F7556}") = "ApiGateway", "ApiGateway\ApiGateway.csproj", "{6A8991AD-33CA-4E09-A005-CCA7B204A8F0}"
EndProject
Project("{2150E333-8FDC-42A3-9474-1A3956D46DE8}") = "FrontEnds", "FrontEnds", "{ACCA60DA-EACB-45C8-AEF8-1F1955490508}"
EndProject
Project("{9A19103F-16F7-4668-BE54-9A1E7A4F7556}") = "WEBApi", "FrontEnds\WEBApi\WEBApi.csproj", "{7FDEFA53-870B-43E0-B5F2-6A11C3022252}"
EndProject
Project("{2150E333-8FDC-42A3-9474-1A3956D46DE8}") = "DockerCompose", "DockerCompose", "{43B0CB8A-3EF4-4B88-9FA3-72A26FB6405A}"
	ProjectSection(SolutionItems) = preProject
		docker-compose.override.yml = docker-compose.override.yml
		docker-compose.yml = docker-compose.yml
	EndProjectSection
EndProject
Global
	GlobalSection(SolutionConfigurationPlatforms) = preSolution
		Debug|Any CPU = Debug|Any CPU
		Release|Any CPU = Release|Any CPU
	EndGlobalSection
	GlobalSection(ProjectConfigurationPlatforms) = postSolution
		{26D1994C-E452-4AD4-82B6-ED7B9C82904F}.Debug|Any CPU.ActiveCfg = Debug|Any CPU
		{26D1994C-E452-4AD4-82B6-ED7B9C82904F}.Debug|Any CPU.Build.0 = Debug|Any CPU
		{26D1994C-E452-4AD4-82B6-ED7B9C82904F}.Release|Any CPU.ActiveCfg = Release|Any CPU
		{26D1994C-E452-4AD4-82B6-ED7B9C82904F}.Release|Any CPU.Build.0 = Release|Any CPU
		{9C176D9B-28C6-4ABF-8C64-DECAF83FDE78}.Debug|Any CPU.ActiveCfg = Debug|Any CPU
		{9C176D9B-28C6-4ABF-8C64-DECAF83FDE78}.Debug|Any CPU.Build.0 = Debug|Any CPU
		{9C176D9B-28C6-4ABF-8C64-DECAF83FDE78}.Release|Any CPU.ActiveCfg = Release|Any CPU
		{9C176D9B-28C6-4ABF-8C64-DECAF83FDE78}.Release|Any CPU.Build.0 = Release|Any CPU
		{39F2ED2C-96BD-44B9-BCC1-134C0ADDA1DF}.Debug|Any CPU.ActiveCfg = Debug|Any CPU
		{39F2ED2C-96BD-44B9-BCC1-134C0ADDA1DF}.Debug|Any CPU.Build.0 = Debug|Any CPU
		{39F2ED2C-96BD-44B9-BCC1-134C0ADDA1DF}.Release|Any CPU.ActiveCfg = Release|Any CPU
		{39F2ED2C-96BD-44B9-BCC1-134C0ADDA1DF}.Release|Any CPU.Build.0 = Release|Any CPU
		{FFC1318B-895F-4CA4-B84A-CF322DC93ABD}.Debug|Any CPU.ActiveCfg = Debug|Any CPU
		{FFC1318B-895F-4CA4-B84A-CF322DC93ABD}.Debug|Any CPU.Build.0 = Debug|Any CPU
		{FFC1318B-895F-4CA4-B84A-CF322DC93ABD}.Release|Any CPU.ActiveCfg = Release|Any CPU
		{FFC1318B-895F-4CA4-B84A-CF322DC93ABD}.Release|Any CPU.Build.0 = Release|Any CPU
		{05599709-C91F-4D3F-B6EA-CA70E5E75CAF}.Debug|Any CPU.ActiveCfg = Debug|Any CPU
		{05599709-C91F-4D3F-B6EA-CA70E5E75CAF}.Debug|Any CPU.Build.0 = Debug|Any CPU
		{05599709-C91F-4D3F-B6EA-CA70E5E75CAF}.Release|Any CPU.ActiveCfg = Release|Any CPU
		{05599709-C91F-4D3F-B6EA-CA70E5E75CAF}.Release|Any CPU.Build.0 = Release|Any CPU
		{DBCC844C-59D5-4D8D-A036-F09965B38BB4}.Debug|Any CPU.ActiveCfg = Debug|Any CPU
		{DBCC844C-59D5-4D8D-A036-F09965B38BB4}.Debug|Any CPU.Build.0 = Debug|Any CPU
		{DBCC844C-59D5-4D8D-A036-F09965B38BB4}.Release|Any CPU.ActiveCfg = Release|Any CPU
		{DBCC844C-59D5-4D8D-A036-F09965B38BB4}.Release|Any CPU.Build.0 = Release|Any CPU
		{1C20CC1A-A15B-4C38-9135-68E3037EB6B0}.Debug|Any CPU.ActiveCfg = Debug|Any CPU
		{1C20CC1A-A15B-4C38-9135-68E3037EB6B0}.Debug|Any CPU.Build.0 = Debug|Any CPU
		{1C20CC1A-A15B-4C38-9135-68E3037EB6B0}.Release|Any CPU.ActiveCfg = Release|Any CPU
		{1C20CC1A-A15B-4C38-9135-68E3037EB6B0}.Release|Any CPU.Build.0 = Release|Any CPU
		{B1F9F28B-B054-46E2-BF2A-97F92BA04FC6}.Debug|Any CPU.ActiveCfg = Debug|Any CPU
		{B1F9F28B-B054-46E2-BF2A-97F92BA04FC6}.Debug|Any CPU.Build.0 = Debug|Any CPU
		{B1F9F28B-B054-46E2-BF2A-97F92BA04FC6}.Release|Any CPU.ActiveCfg = Release|Any CPU
		{B1F9F28B-B054-46E2-BF2A-97F92BA04FC6}.Release|Any CPU.Build.0 = Release|Any CPU
		{16B410D5-9690-46C6-B8F8-8C77935ED85B}.Debug|Any CPU.ActiveCfg = Debug|Any CPU
		{16B410D5-9690-46C6-B8F8-8C77935ED85B}.Debug|Any CPU.Build.0 = Debug|Any CPU
		{16B410D5-9690-46C6-B8F8-8C77935ED85B}.Release|Any CPU.ActiveCfg = Release|Any CPU
		{16B410D5-9690-46C6-B8F8-8C77935ED85B}.Release|Any CPU.Build.0 = Release|Any CPU
		{0436D822-24C6-4CAB-8530-2D494F7C425C}.Debug|Any CPU.ActiveCfg = Debug|Any CPU
		{0436D822-24C6-4CAB-8530-2D494F7C425C}.Debug|Any CPU.Build.0 = Debug|Any CPU
		{0436D822-24C6-4CAB-8530-2D494F7C425C}.Release|Any CPU.ActiveCfg = Release|Any CPU
		{0436D822-24C6-4CAB-8530-2D494F7C425C}.Release|Any CPU.Build.0 = Release|Any CPU
		{7E62DB96-A789-4309-8162-C6B8F31E6171}.Debug|Any CPU.ActiveCfg = Debug|Any CPU
		{7E62DB96-A789-4309-8162-C6B8F31E6171}.Debug|Any CPU.Build.0 = Debug|Any CPU
		{7E62DB96-A789-4309-8162-C6B8F31E6171}.Release|Any CPU.ActiveCfg = Release|Any CPU
		{7E62DB96-A789-4309-8162-C6B8F31E6171}.Release|Any CPU.Build.0 = Release|Any CPU
		{6A8991AD-33CA-4E09-A005-CCA7B204A8F0}.Debug|Any CPU.ActiveCfg = Debug|Any CPU
		{6A8991AD-33CA-4E09-A005-CCA7B204A8F0}.Debug|Any CPU.Build.0 = Debug|Any CPU
		{6A8991AD-33CA-4E09-A005-CCA7B204A8F0}.Release|Any CPU.ActiveCfg = Release|Any CPU
		{6A8991AD-33CA-4E09-A005-CCA7B204A8F0}.Release|Any CPU.Build.0 = Release|Any CPU
		{7FDEFA53-870B-43E0-B5F2-6A11C3022252}.Debug|Any CPU.ActiveCfg = Debug|Any CPU
		{7FDEFA53-870B-43E0-B5F2-6A11C3022252}.Debug|Any CPU.Build.0 = Debug|Any CPU
		{7FDEFA53-870B-43E0-B5F2-6A11C3022252}.Release|Any CPU.ActiveCfg = Release|Any CPU
		{7FDEFA53-870B-43E0-B5F2-6A11C3022252}.Release|Any CPU.Build.0 = Release|Any CPU
	EndGlobalSection
	GlobalSection(SolutionProperties) = preSolution
		HideSolutionNode = FALSE
	EndGlobalSection
	GlobalSection(NestedProjects) = preSolution
		{D457A1C6-2DAF-4876-A24D-9B5965C5B87C} = {EADA188F-FF30-4EEE-97C2-345403FC2042}
		{26D1994C-E452-4AD4-82B6-ED7B9C82904F} = {D457A1C6-2DAF-4876-A24D-9B5965C5B87C}
		{9C176D9B-28C6-4ABF-8C64-DECAF83FDE78} = {5D29A1E0-366D-42BC-B79F-BD44CE1057E4}
		{39F2ED2C-96BD-44B9-BCC1-134C0ADDA1DF} = {4AA3AB43-0CAB-4417-830E-8A92DD71CFE2}
		{5E9CA164-509E-42FD-B4C9-66F8DE4C56B9} = {EADA188F-FF30-4EEE-97C2-345403FC2042}
		{FFC1318B-895F-4CA4-B84A-CF322DC93ABD} = {5E9CA164-509E-42FD-B4C9-66F8DE4C56B9}
		{A10D59E5-E9D4-43AD-92A7-F0E9A2F2BCFE} = {EADA188F-FF30-4EEE-97C2-345403FC2042}
		{05599709-C91F-4D3F-B6EA-CA70E5E75CAF} = {A10D59E5-E9D4-43AD-92A7-F0E9A2F2BCFE}
		{1D19ECE3-31E4-46A6-98CE-02D0F0686172} = {EADA188F-FF30-4EEE-97C2-345403FC2042}
		{DBCC844C-59D5-4D8D-A036-F09965B38BB4} = {1D19ECE3-31E4-46A6-98CE-02D0F0686172}
		{1C20CC1A-A15B-4C38-9135-68E3037EB6B0} = {1D19ECE3-31E4-46A6-98CE-02D0F0686172}
		{B1F9F28B-B054-46E2-BF2A-97F92BA04FC6} = {1D19ECE3-31E4-46A6-98CE-02D0F0686172}
		{16B410D5-9690-46C6-B8F8-8C77935ED85B} = {1D19ECE3-31E4-46A6-98CE-02D0F0686172}
		{0436D822-24C6-4CAB-8530-2D494F7C425C} = {1D19ECE3-31E4-46A6-98CE-02D0F0686172}
		{EB2E688A-B5B9-4682-8FF0-1B532BD818E0} = {EADA188F-FF30-4EEE-97C2-345403FC2042}
		{7E62DB96-A789-4309-8162-C6B8F31E6171} = {EB2E688A-B5B9-4682-8FF0-1B532BD818E0}
		{6A8991AD-33CA-4E09-A005-CCA7B204A8F0} = {E58210B6-28B0-4275-86B7-24AE8731A4C1}
		{7FDEFA53-870B-43E0-B5F2-6A11C3022252} = {ACCA60DA-EACB-45C8-AEF8-1F1955490508}
	EndGlobalSection
	GlobalSection(ExtensibilityGlobals) = postSolution
		SolutionGuid = {EEBF5912-70E7-4E62-987F-B4BCF10F7936}
	EndGlobalSection
EndGlobal
